
Microsoft Visual Studio Solution File, Format Version 12.00
# Visual Studio Version 17
VisualStudioVersion = 17.9.34622.214
MinimumVisualStudioVersion = 10.0.40219.1
Project("{8BC9CEB8-8B4A-11D0-8D11-00A0C91BC942}") = "hadeh", "hadeh\hadeh.vcxproj", "{BE14720C-CBEE-479B-BF02-5ACC16AD2709}"
EndProject
Project("{8BC9CEB8-8B4A-11D0-8D11-00A0C91BC942}") = "contoh3", "contoh3\contoh3.vcxproj", "{8BB1D606-0FDF-4DEE-B0EA-195CF2EB61C6}"
EndProject
Project("{8BC9CEB8-8B4A-11D0-8D11-00A0C91BC942}") = "contoh4", "contoh4\contoh4.vcxproj", "{2634F476-6F6C-4283-9E8C-C4A810BF3DD1}"
EndProject
Project("{8BC9CEB8-8B4A-11D0-8D11-00A0C91BC942}") = "Kasir", "Kasir\Kasir.vcxproj", "{E11A8D6F-5831-42F0-A643-23B0AE928A08}"
EndProject
Global
	GlobalSection(SolutionConfigurationPlatforms) = preSolution
		Debug|ARM64 = Debug|ARM64
		Debug|x64 = Debug|x64
		Debug|x86 = Debug|x86
		Release|ARM64 = Release|ARM64
		Release|x64 = Release|x64
		Release|x86 = Release|x86
	EndGlobalSection
	GlobalSection(ProjectConfigurationPlatforms) = postSolution
		{BE14720C-CBEE-479B-BF02-5ACC16AD2709}.Debug|ARM64.ActiveCfg = Debug|ARM64
		{BE14720C-CBEE-479B-BF02-5ACC16AD2709}.Debug|ARM64.Build.0 = Debug|ARM64
		{BE14720C-CBEE-479B-BF02-5ACC16AD2709}.Debug|x64.ActiveCfg = Debug|x64
		{BE14720C-CBEE-479B-BF02-5ACC16AD2709}.Debug|x64.Build.0 = Debug|x64
		{BE14720C-CBEE-479B-BF02-5ACC16AD2709}.Debug|x86.ActiveCfg = Debug|Win32
		{BE14720C-CBEE-479B-BF02-5ACC16AD2709}.Debug|x86.Build.0 = Debug|Win32
		{BE14720C-CBEE-479B-BF02-5ACC16AD2709}.Release|ARM64.ActiveCfg = Release|ARM64
		{BE14720C-CBEE-479B-BF02-5ACC16AD2709}.Release|ARM64.Build.0 = Release|ARM64
		{BE14720C-CBEE-479B-BF02-5ACC16AD2709}.Release|x64.ActiveCfg = Release|x64
		{BE14720C-CBEE-479B-BF02-5ACC16AD2709}.Release|x64.Build.0 = Release|x64
		{BE14720C-CBEE-479B-BF02-5ACC16AD2709}.Release|x86.ActiveCfg = Release|Win32
		{BE14720C-CBEE-479B-BF02-5ACC16AD2709}.Release|x86.Build.0 = Release|Win32
		{8BB1D606-0FDF-4DEE-B0EA-195CF2EB61C6}.Debug|ARM64.ActiveCfg = Debug|ARM64
		{8BB1D606-0FDF-4DEE-B0EA-195CF2EB61C6}.Debug|ARM64.Build.0 = Debug|ARM64
		{8BB1D606-0FDF-4DEE-B0EA-195CF2EB61C6}.Debug|x64.ActiveCfg = Debug|x64
		{8BB1D606-0FDF-4DEE-B0EA-195CF2EB61C6}.Debug|x64.Build.0 = Debug|x64
		{8BB1D606-0FDF-4DEE-B0EA-195CF2EB61C6}.Debug|x86.ActiveCfg = Debug|Win32
		{8BB1D606-0FDF-4DEE-B0EA-195CF2EB61C6}.Debug|x86.Build.0 = Debug|Win32
		{8BB1D606-0FDF-4DEE-B0EA-195CF2EB61C6}.Release|ARM64.ActiveCfg = Release|ARM64
		{8BB1D606-0FDF-4DEE-B0EA-195CF2EB61C6}.Release|ARM64.Build.0 = Release|ARM64
		{8BB1D606-0FDF-4DEE-B0EA-195CF2EB61C6}.Release|x64.ActiveCfg = Release|x64
		{8BB1D606-0FDF-4DEE-B0EA-195CF2EB61C6}.Release|x64.Build.0 = Release|x64
		{8BB1D606-0FDF-4DEE-B0EA-195CF2EB61C6}.Release|x86.ActiveCfg = Release|Win32
		{8BB1D606-0FDF-4DEE-B0EA-195CF2EB61C6}.Release|x86.Build.0 = Release|Win32
		{2634F476-6F6C-4283-9E8C-C4A810BF3DD1}.Debug|ARM64.ActiveCfg = Debug|ARM64
		{2634F476-6F6C-4283-9E8C-C4A810BF3DD1}.Debug|ARM64.Build.0 = Debug|ARM64
		{2634F476-6F6C-4283-9E8C-C4A810BF3DD1}.Debug|x64.ActiveCfg = Debug|x64
		{2634F476-6F6C-4283-9E8C-C4A810BF3DD1}.Debug|x64.Build.0 = Debug|x64
		{2634F476-6F6C-4283-9E8C-C4A810BF3DD1}.Debug|x86.ActiveCfg = Debug|Win32
		{2634F476-6F6C-4283-9E8C-C4A810BF3DD1}.Debug|x86.Build.0 = Debug|Win32
		{2634F476-6F6C-4283-9E8C-C4A810BF3DD1}.Release|ARM64.ActiveCfg = Release|ARM64
		{2634F476-6F6C-4283-9E8C-C4A810BF3DD1}.Release|ARM64.Build.0 = Release|ARM64
		{2634F476-6F6C-4283-9E8C-C4A810BF3DD1}.Release|x64.ActiveCfg = Release|x64
		{2634F476-6F6C-4283-9E8C-C4A810BF3DD1}.Release|x64.Build.0 = Release|x64
		{2634F476-6F6C-4283-9E8C-C4A810BF3DD1}.Release|x86.ActiveCfg = Release|Win32
		{2634F476-6F6C-4283-9E8C-C4A810BF3DD1}.Release|x86.Build.0 = Release|Win32
		{E11A8D6F-5831-42F0-A643-23B0AE928A08}.Debug|ARM64.ActiveCfg = Debug|ARM64
		{E11A8D6F-5831-42F0-A643-23B0AE928A08}.Debug|ARM64.Build.0 = Debug|ARM64
		{E11A8D6F-5831-42F0-A643-23B0AE928A08}.Debug|x64.ActiveCfg = Debug|x64
		{E11A8D6F-5831-42F0-A643-23B0AE928A08}.Debug|x64.Build.0 = Debug|x64
		{E11A8D6F-5831-42F0-A643-23B0AE928A08}.Debug|x86.ActiveCfg = Debug|Win32
		{E11A8D6F-5831-42F0-A643-23B0AE928A08}.Debug|x86.Build.0 = Debug|Win32
		{E11A8D6F-5831-42F0-A643-23B0AE928A08}.Release|ARM64.ActiveCfg = Release|ARM64
		{E11A8D6F-5831-42F0-A643-23B0AE928A08}.Release|ARM64.Build.0 = Release|ARM64
		{E11A8D6F-5831-42F0-A643-23B0AE928A08}.Release|x64.ActiveCfg = Release|x64
		{E11A8D6F-5831-42F0-A643-23B0AE928A08}.Release|x64.Build.0 = Release|x64
		{E11A8D6F-5831-42F0-A643-23B0AE928A08}.Release|x86.ActiveCfg = Release|Win32
		{E11A8D6F-5831-42F0-A643-23B0AE928A08}.Release|x86.Build.0 = Release|Win32
	EndGlobalSection
	GlobalSection(SolutionProperties) = preSolution
		HideSolutionNode = FALSE
	EndGlobalSection
	GlobalSection(ExtensibilityGlobals) = postSolution
		SolutionGuid = {10D6A82B-A523-4180-8F4A-B8F7C0F19725}
	EndGlobalSection
EndGlobal
